
Microsoft Visual Studio Solution File, Format Version 12.00
# Visual Studio Version 17
VisualStudioVersion = 17.5.002.0
MinimumVisualStudioVersion = 10.0.40219.1
Project("{9A19103F-16F7-4668-BE54-9A1E7A4F7556}") = "AzurePOC", "AzurePOC.csproj", "{12E05259-799D-4A99-8FE3-F18318B8D7F9}"
EndProject
Global
	GlobalSection(SolutionConfigurationPlatforms) = preSolution
		Debug|Any CPU = Debug|Any CPU
		Release|Any CPU = Release|Any CPU
	EndGlobalSection
	GlobalSection(ProjectConfigurationPlatforms) = postSolution
		{12E05259-799D-4A99-8FE3-F18318B8D7F9}.Debug|Any CPU.ActiveCfg = Debug|Any CPU
		{12E05259-799D-4A99-8FE3-F18318B8D7F9}.Debug|Any CPU.Build.0 = Debug|Any CPU
		{12E05259-799D-4A99-8FE3-F18318B8D7F9}.Release|Any CPU.ActiveCfg = Release|Any CPU
		{12E05259-799D-4A99-8FE3-F18318B8D7F9}.Release|Any CPU.Build.0 = Release|Any CPU
	EndGlobalSection
	GlobalSection(SolutionProperties) = preSolution
		HideSolutionNode = FALSE
	EndGlobalSection
	GlobalSection(ExtensibilityGlobals) = postSolution
		SolutionGuid = {0A93BAB2-69A3-4DF9-90F5-D28FDF7442FA}
	EndGlobalSection
EndGlobal
